
Microsoft Visual Studio Solution File, Format Version 12.00
# Visual Studio Version 17
VisualStudioVersion = 17.1.32407.343
MinimumVisualStudioVersion = 10.0.40219.1
Project("{FAE04EC0-301F-11D3-BF4B-00C04F79EFBC}") = "OcuMobile_Phone_WebService", "OcuMobile_Phone_WebService\OcuMobile_Phone_WebService.csproj", "{9452C7E8-2F21-4AEE-9ADE-22569C8BD954}"
EndProject
Global
	GlobalSection(SolutionConfigurationPlatforms) = preSolution
		Debug|Any CPU = Debug|Any CPU
		Release|Any CPU = Release|Any CPU
	EndGlobalSection
	GlobalSection(ProjectConfigurationPlatforms) = postSolution
		{9452C7E8-2F21-4AEE-9ADE-22569C8BD954}.Debug|Any CPU.ActiveCfg = Debug|Any CPU
		{9452C7E8-2F21-4AEE-9ADE-22569C8BD954}.Debug|Any CPU.Build.0 = Debug|Any CPU
		{9452C7E8-2F21-4AEE-9ADE-22569C8BD954}.Release|Any CPU.ActiveCfg = Release|Any CPU
		{9452C7E8-2F21-4AEE-9ADE-22569C8BD954}.Release|Any CPU.Build.0 = Release|Any CPU
	EndGlobalSection
	GlobalSection(SolutionProperties) = preSolution
		HideSolutionNode = FALSE
	EndGlobalSection
	GlobalSection(ExtensibilityGlobals) = postSolution
		SolutionGuid = {F8D9098F-3E96-476E-B45C-83F255877328}
	EndGlobalSection
EndGlobal
